
Microsoft Visual Studio Solution File, Format Version 12.00
# Visual Studio 15
VisualStudioVersion = 15.0.27004.2005
MinimumVisualStudioVersion = 10.0.40219.1
Project("{FAE04EC0-301F-11D3-BF4B-00C04F79EFBC}") = "Lab2_10.24.17", "Lab2_10.24.17\Lab2_10.24.17.csproj", "{9A4BB014-4578-4FAB-9AFC-0387EB718601}"
EndProject
Project("{2150E333-8FDC-42A3-9474-1A3956D46DE8}") = "Solution Items", "Solution Items", "{93FFAC78-1E82-4AB3-BA5E-60E8371E4462}"
	ProjectSection(SolutionItems) = preProject
		TextFile1.txt = TextFile1.txt
	EndProjectSection
EndProject
Global
	GlobalSection(SolutionConfigurationPlatforms) = preSolution
		Debug|Any CPU = Debug|Any CPU
		Release|Any CPU = Release|Any CPU
	EndGlobalSection
	GlobalSection(ProjectConfigurationPlatforms) = postSolution
		{9A4BB014-4578-4FAB-9AFC-0387EB718601}.Debug|Any CPU.ActiveCfg = Debug|Any CPU
		{9A4BB014-4578-4FAB-9AFC-0387EB718601}.Debug|Any CPU.Build.0 = Debug|Any CPU
		{9A4BB014-4578-4FAB-9AFC-0387EB718601}.Release|Any CPU.ActiveCfg = Release|Any CPU
		{9A4BB014-4578-4FAB-9AFC-0387EB718601}.Release|Any CPU.Build.0 = Release|Any CPU
	EndGlobalSection
	GlobalSection(SolutionProperties) = preSolution
		HideSolutionNode = FALSE
	EndGlobalSection
	GlobalSection(ExtensibilityGlobals) = postSolution
		SolutionGuid = {744ABE99-75DF-479F-B2A1-B5D87860E3CC}
	EndGlobalSection
EndGlobal
